Microsoft Visual Studio Solution File, Format Version 12.00
# Visual Studio Version 17
VisualStudioVersion = 17.14.36310.24
MinimumVisualStudioVersion = 10.0.40219.1
Project("{FAE04EC0-301F-11D3-BF4B-00C04F79EFBC}") = "AspireApp.AppHost", "AspireApp.AppHost\AspireApp.AppHost.csproj", "{73728CFE-6F72-4350-A436-BC5130E79F45}"
EndProject
Project("{FAE04EC0-301F-11D3-BF4B-00C04F79EFBC}") = "AspireApp.ServiceDefaults", "AspireApp.ServiceDefaults\AspireApp.ServiceDefaults.csproj", "{832FE107-DA3B-89E1-9D95-6D4F4BAEA1A9}"
EndProject
Project("{FAE04EC0-301F-11D3-BF4B-00C04F79EFBC}") = "AspireApp.ApiService", "AspireApp.ApiService\AspireApp.ApiService.csproj", "{FA47FD19-33EC-F2F6-751C-44740E816D25}"
EndProject
Project("{FAE04EC0-301F-11D3-BF4B-00C04F79EFBC}") = "AspireApp.Web", "AspireApp.Web\AspireApp.Web.csproj", "{167C9083-B235-CCD4-47F1-339EE30AC88F}"
EndProject
Project("{FAE04EC0-301F-11D3-BF4B-00C04F79EFBC}") = "AspireApp.Tests", "AspireApp.Tests\AspireApp.Tests.csproj", "{D9783889-C6EE-4C1F-E6F6-0CADA1E864EF}"
EndProject
Project("{FAE04EC0-301F-11D3-BF4B-00C04F79EFBC}") = "AspireApp.ApiService.Contracts", "AspireApp.ApiService.Contracts\AspireApp.ApiService.Contracts.csproj", "{5EB96B0A-2CEF-42E8-A908-6D01A6D690D7}"
EndProject
Project("{FAE04EC0-301F-11D3-BF4B-00C04F79EFBC}") = "AspireApp.ApiService.Domain", "AspireApp.ApiService.Domain\AspireApp.ApiService.Domain.csproj", "{B575BB04-0693-4CAF-B1AE-8A1C8ED68224}"
EndProject
Project("{FAE04EC0-301F-11D3-BF4B-00C04F79EFBC}") = "AspireApp.ApiService.Data", "AspireApp.ApiService.Data\AspireApp.ApiService.Data.csproj", "{CA0CA4B1-D3A9-4FD0-ACDA-54D7A92C8FC7}"
EndProject
Project("{FAE04EC0-301F-11D3-BF4B-00C04F79EFBC}") = "AspireApp.ApiService.Data.Core", "AspireApp.ApiService.Data.Core\AspireApp.ApiService.Data.Core.csproj", "{8415E709-9768-4CA4-A4BF-0A214C0A753F}"
EndProject
Project("{FAE04EC0-301F-11D3-BF4B-00C04F79EFBC}") = "AspireApp.ApiService.Domain.Core", "AspireApp.ApiService.Domain.Core\AspireApp.ApiService.Domain.Core.csproj", "{F09E6C2E-DC6A-415B-90F5-5CD848A18138}"
EndProject
Project("{FAE04EC0-301F-11D3-BF4B-00C04F79EFBC}") = "AspireApp.ApiService.Common", "AspireApp.ApiService.Common\AspireApp.ApiService.Common.csproj", "{75BC6CF3-C1F6-4DB7-A604-FDCA06F9900F}"
EndProject
Project("{2150E333-8FDC-42A3-9474-1A3956D46DE8}") = "Aspire", "Aspire", "{02EA681E-C7D8-13C7-8484-4AC65E1B71E8}"
EndProject
Project("{2150E333-8FDC-42A3-9474-1A3956D46DE8}") = "ApiService", "ApiService", "{4D6D5FE1-D1EF-4702-8670-B4161441606A}"
EndProject
Project("{2150E333-8FDC-42A3-9474-1A3956D46DE8}") = "Web", "Web", "{1283C887-177A-414B-B0D7-9D4532A120D6}"
EndProject
Project("{2150E333-8FDC-42A3-9474-1A3956D46DE8}") = "Testing", "Testing", "{CC5B3AC5-D2D1-4FD3-BB2C-21DF85A4D072}"
EndProject
Project("{FAE04EC0-301F-11D3-BF4B-00C04F79EFBC}") = "AspireApp.ApiService.Messaging", "AspireApp.ApiService.Messaging\AspireApp.ApiService.Messaging.csproj", "{F8808140-5E6A-4ADC-B17C-8BE3586D8E44}"
EndProject
Project("{FAE04EC0-301F-11D3-BF4B-00C04F79EFBC}") = "AspireApp.ApiService.Messaging.Core", "AspireApp.ApiService.Messaging.Core\AspireApp.ApiService.Messaging.Core.csproj", "{00457383-5570-4CB2-A078-B1AF3189BBEB}"
EndProject
Global
	GlobalSection(SolutionConfigurationPlatforms) = preSolution
		Debug|Any CPU = Debug|Any CPU
		Release|Any CPU = Release|Any CPU
	EndGlobalSection
	GlobalSection(ProjectConfigurationPlatforms) = postSolution
		{73728CFE-6F72-4350-A436-BC5130E79F45}.Debug|Any CPU.ActiveCfg = Debug|Any CPU
		{73728CFE-6F72-4350-A436-BC5130E79F45}.Debug|Any CPU.Build.0 = Debug|Any CPU
		{73728CFE-6F72-4350-A436-BC5130E79F45}.Release|Any CPU.ActiveCfg = Release|Any CPU
		{73728CFE-6F72-4350-A436-BC5130E79F45}.Release|Any CPU.Build.0 = Release|Any CPU
		{832FE107-DA3B-89E1-9D95-6D4F4BAEA1A9}.Debug|Any CPU.ActiveCfg = Debug|Any CPU
		{832FE107-DA3B-89E1-9D95-6D4F4BAEA1A9}.Debug|Any CPU.Build.0 = Debug|Any CPU
		{832FE107-DA3B-89E1-9D95-6D4F4BAEA1A9}.Release|Any CPU.ActiveCfg = Release|Any CPU
		{832FE107-DA3B-89E1-9D95-6D4F4BAEA1A9}.Release|Any CPU.Build.0 = Release|Any CPU
		{FA47FD19-33EC-F2F6-751C-44740E816D25}.Debug|Any CPU.ActiveCfg = Debug|Any CPU
		{FA47FD19-33EC-F2F6-751C-44740E816D25}.Debug|Any CPU.Build.0 = Debug|Any CPU
		{FA47FD19-33EC-F2F6-751C-44740E816D25}.Release|Any CPU.ActiveCfg = Release|Any CPU
		{FA47FD19-33EC-F2F6-751C-44740E816D25}.Release|Any CPU.Build.0 = Release|Any CPU
		{167C9083-B235-CCD4-47F1-339EE30AC88F}.Debug|Any CPU.ActiveCfg = Debug|Any CPU
		{167C9083-B235-CCD4-47F1-339EE30AC88F}.Debug|Any CPU.Build.0 = Debug|Any CPU
		{167C9083-B235-CCD4-47F1-339EE30AC88F}.Release|Any CPU.ActiveCfg = Release|Any CPU
		{167C9083-B235-CCD4-47F1-339EE30AC88F}.Release|Any CPU.Build.0 = Release|Any CPU
		{D9783889-C6EE-4C1F-E6F6-0CADA1E864EF}.Debug|Any CPU.ActiveCfg = Debug|Any CPU
		{D9783889-C6EE-4C1F-E6F6-0CADA1E864EF}.Debug|Any CPU.Build.0 = Debug|Any CPU
		{D9783889-C6EE-4C1F-E6F6-0CADA1E864EF}.Release|Any CPU.ActiveCfg = Release|Any CPU
		{D9783889-C6EE-4C1F-E6F6-0CADA1E864EF}.Release|Any CPU.Build.0 = Release|Any CPU
		{5EB96B0A-2CEF-42E8-A908-6D01A6D690D7}.Debug|Any CPU.ActiveCfg = Debug|Any CPU
		{5EB96B0A-2CEF-42E8-A908-6D01A6D690D7}.Debug|Any CPU.Build.0 = Debug|Any CPU
		{5EB96B0A-2CEF-42E8-A908-6D01A6D690D7}.Release|Any CPU.ActiveCfg = Release|Any CPU
		{5EB96B0A-2CEF-42E8-A908-6D01A6D690D7}.Release|Any CPU.Build.0 = Release|Any CPU
		{B575BB04-0693-4CAF-B1AE-8A1C8ED68224}.Debug|Any CPU.ActiveCfg = Debug|Any CPU
		{B575BB04-0693-4CAF-B1AE-8A1C8ED68224}.Debug|Any CPU.Build.0 = Debug|Any CPU
		{B575BB04-0693-4CAF-B1AE-8A1C8ED68224}.Release|Any CPU.ActiveCfg = Release|Any CPU
		{B575BB04-0693-4CAF-B1AE-8A1C8ED68224}.Release|Any CPU.Build.0 = Release|Any CPU
		{CA0CA4B1-D3A9-4FD0-ACDA-54D7A92C8FC7}.Debug|Any CPU.ActiveCfg = Debug|Any CPU
		{CA0CA4B1-D3A9-4FD0-ACDA-54D7A92C8FC7}.Debug|Any CPU.Build.0 = Debug|Any CPU
		{CA0CA4B1-D3A9-4FD0-ACDA-54D7A92C8FC7}.Release|Any CPU.ActiveCfg = Release|Any CPU
		{CA0CA4B1-D3A9-4FD0-ACDA-54D7A92C8FC7}.Release|Any CPU.Build.0 = Release|Any CPU
		{8415E709-9768-4CA4-A4BF-0A214C0A753F}.Debug|Any CPU.ActiveCfg = Debug|Any CPU
		{8415E709-9768-4CA4-A4BF-0A214C0A753F}.Debug|Any CPU.Build.0 = Debug|Any CPU
		{8415E709-9768-4CA4-A4BF-0A214C0A753F}.Release|Any CPU.ActiveCfg = Release|Any CPU
		{8415E709-9768-4CA4-A4BF-0A214C0A753F}.Release|Any CPU.Build.0 = Release|Any CPU
		{F09E6C2E-DC6A-415B-90F5-5CD848A18138}.Debug|Any CPU.ActiveCfg = Debug|Any CPU
		{F09E6C2E-DC6A-415B-90F5-5CD848A18138}.Debug|Any CPU.Build.0 = Debug|Any CPU
		{F09E6C2E-DC6A-415B-90F5-5CD848A18138}.Release|Any CPU.ActiveCfg = Release|Any CPU
		{F09E6C2E-DC6A-415B-90F5-5CD848A18138}.Release|Any CPU.Build.0 = Release|Any CPU
		{75BC6CF3-C1F6-4DB7-A604-FDCA06F9900F}.Debug|Any CPU.ActiveCfg = Debug|Any CPU
		{75BC6CF3-C1F6-4DB7-A604-FDCA06F9900F}.Debug|Any CPU.Build.0 = Debug|Any CPU
		{75BC6CF3-C1F6-4DB7-A604-FDCA06F9900F}.Release|Any CPU.ActiveCfg = Release|Any CPU
		{75BC6CF3-C1F6-4DB7-A604-FDCA06F9900F}.Release|Any CPU.Build.0 = Release|Any CPU
		{F8808140-5E6A-4ADC-B17C-8BE3586D8E44}.Debug|Any CPU.ActiveCfg = Debug|Any CPU
		{F8808140-5E6A-4ADC-B17C-8BE3586D8E44}.Debug|Any CPU.Build.0 = Debug|Any CPU
		{F8808140-5E6A-4ADC-B17C-8BE3586D8E44}.Release|Any CPU.ActiveCfg = Release|Any CPU
		{F8808140-5E6A-4ADC-B17C-8BE3586D8E44}.Release|Any CPU.Build.0 = Release|Any CPU
		{00457383-5570-4CB2-A078-B1AF3189BBEB}.Debug|Any CPU.ActiveCfg = Debug|Any CPU
		{00457383-5570-4CB2-A078-B1AF3189BBEB}.Debug|Any CPU.Build.0 = Debug|Any CPU
		{00457383-5570-4CB2-A078-B1AF3189BBEB}.Release|Any CPU.ActiveCfg = Release|Any CPU
		{00457383-5570-4CB2-A078-B1AF3189BBEB}.Release|Any CPU.Build.0 = Release|Any CPU
	EndGlobalSection
	GlobalSection(SolutionProperties) = preSolution
		HideSolutionNode = FALSE
	EndGlobalSection
	GlobalSection(NestedProjects) = preSolution
		{73728CFE-6F72-4350-A436-BC5130E79F45} = {02EA681E-C7D8-13C7-8484-4AC65E1B71E8}
		{832FE107-DA3B-89E1-9D95-6D4F4BAEA1A9} = {02EA681E-C7D8-13C7-8484-4AC65E1B71E8}
		{FA47FD19-33EC-F2F6-751C-44740E816D25} = {4D6D5FE1-D1EF-4702-8670-B4161441606A}
		{167C9083-B235-CCD4-47F1-339EE30AC88F} = {1283C887-177A-414B-B0D7-9D4532A120D6}
		{D9783889-C6EE-4C1F-E6F6-0CADA1E864EF} = {CC5B3AC5-D2D1-4FD3-BB2C-21DF85A4D072}
		{5EB96B0A-2CEF-42E8-A908-6D01A6D690D7} = {4D6D5FE1-D1EF-4702-8670-B4161441606A}
		{B575BB04-0693-4CAF-B1AE-8A1C8ED68224} = {4D6D5FE1-D1EF-4702-8670-B4161441606A}
		{CA0CA4B1-D3A9-4FD0-ACDA-54D7A92C8FC7} = {4D6D5FE1-D1EF-4702-8670-B4161441606A}
		{8415E709-9768-4CA4-A4BF-0A214C0A753F} = {4D6D5FE1-D1EF-4702-8670-B4161441606A}
		{F09E6C2E-DC6A-415B-90F5-5CD848A18138} = {4D6D5FE1-D1EF-4702-8670-B4161441606A}
		{75BC6CF3-C1F6-4DB7-A604-FDCA06F9900F} = {4D6D5FE1-D1EF-4702-8670-B4161441606A}
		{F8808140-5E6A-4ADC-B17C-8BE3586D8E44} = {4D6D5FE1-D1EF-4702-8670-B4161441606A}
		{00457383-5570-4CB2-A078-B1AF3189BBEB} = {4D6D5FE1-D1EF-4702-8670-B4161441606A}
	EndGlobalSection
	GlobalSection(ExtensibilityGlobals) = postSolution
		SolutionGuid = {B291AA15-4269-4022-A92D-058BF4B0D4CC}
	EndGlobalSection
EndGlobal
